// !$*UTF8*$!
{
	archiveVersion = 1;
	classes = {
	};
	objectVersion = 50;
	objects = {

/* Begin PBXBuildFile section */
		3D2DDA6722A15565000AB90B /* AppDelegate.swift in Sources */ = {isa = PBXBuildFile; fileRef = 3D2DDA6622A15565000AB90B /* AppDelegate.swift */; };
		3D2DDA6C22A15565000AB90B /* Main.storyboard in Resources */ = {isa = PBXBuildFile; fileRef = 3D2DDA6A22A15565000AB90B /* Main.storyboard */; };
		3D2DDA6E22A15566000AB90B /* Assets.xcassets in Resources */ = {isa = PBXBuildFile; fileRef = 3D2DDA6D22A15566000AB90B /* Assets.xcassets */; };
		3D2DDA7122A15566000AB90B /* LaunchScreen.storyboard in Resources */ = {isa = PBXBuildFile; fileRef = 3D2DDA6F22A15566000AB90B /* LaunchScreen.storyboard */; };
		3D2DDA7C22A15566000AB90B /* DictionaryUITests.swift in Sources */ = {isa = PBXBuildFile; fileRef = 3D2DDA7B22A15566000AB90B /* DictionaryUITests.swift */; };
		3D2DDA8722A1597C000AB90B /* MasterTableViewController.swift in Sources */ = {isa = PBXBuildFile; fileRef = 3D2DDA8622A1597C000AB90B /* MasterTableViewController.swift */; };
		3D2DDA8C22A15BB4000AB90B /* DetailViewController.swift in Sources */ = {isa = PBXBuildFile; fileRef = 3D2DDA8A22A15BB4000AB90B /* DetailViewController.swift */; };
		3D2DDA8D22A15BB4000AB90B /* DetailViewController.xib in Resources */ = {isa = PBXBuildFile; fileRef = 3D2DDA8B22A15BB4000AB90B /* DetailViewController.xib */; };
		3D2DDA8F22A15E37000AB90B /* Word.swift in Sources */ = {isa = PBXBuildFile; fileRef = 3D2DDA8E22A15E37000AB90B /* Word.swift */; };
/* End PBXBuildFile section */

/* Begin PBXContainerItemProxy section */
		3D2DDA7822A15566000AB90B /* PBXContainerItemProxy */ = {
			isa = PBXContainerItemProxy;
			containerPortal = 3D2DDA5B22A15565000AB90B /* Project object */;
			proxyType = 1;
			remoteGlobalIDString = 3D2DDA6222A15565000AB90B;
			remoteInfo = Dictionary;
		};
/* End PBXContainerItemProxy section */

/* Begin PBXFileReference section */
		3D2DDA6322A15565000AB90B /* Dictionary.app */ = {isa = PBXFileReference; explicitFileType = wrapper.application; includeInIndex = 0; path = Dictionary.app; sourceTree = BUILT_PRODUCTS_DIR; };
		3D2DDA6622A15565000AB90B /* AppDelegate.swift */ = {isa = PBXFileReference; lastKnownFileType = sourcecode.swift; path = AppDelegate.swift; sourceTree = "<group>"; };
		3D2DDA6B22A15565000AB90B /* Base */ = {isa = PBXFileReference; lastKnownFileType = file.storyboard; name = Base; path = Base.lproj/Main.storyboard; sourceTree = "<group>"; };
		3D2DDA6D22A15566000AB90B /* Assets.xcassets */ = {isa = PBXFileReference; lastKnownFileType = folder.assetcatalog; path = Assets.xcassets; sourceTree = "<group>"; };
		3D2DDA7022A15566000AB90B /* Base */ = {isa = PBXFileReference; lastKnownFileType = file.storyboard; name = Base; path = Base.lproj/LaunchScreen.storyboard; sourceTree = "<group>"; };
		3D2DDA7222A15566000AB90B /* Info.plist */ = {isa = PBXFileReference; lastKnownFileType = text.plist.xml; path = Info.plist; sourceTree = "<group>"; };
		3D2DDA7722A15566000AB90B /* DictionaryUITests.xctest */ = {isa = PBXFileReference; explicitFileType = wrapper.cfbundle; includeInIndex = 0; path = DictionaryUITests.xctest; sourceTree = BUILT_PRODUCTS_DIR; };
		3D2DDA7B22A15566000AB90B /* DictionaryUITests.swift */ = {isa = PBXFileReference; lastKnownFileType = sourcecode.swift; path = DictionaryUITests.swift; sourceTree = "<group>"; };
		3D2DDA7D22A15566000AB90B /* Info.plist */ = {isa = PBXFileReference; lastKnownFileType = text.plist.xml; path = Info.plist; sourceTree = "<group>"; };
		3D2DDA8622A1597C000AB90B /* MasterTableViewController.swift */ = {isa = PBXFileReference; lastKnownFileType = sourcecode.swift; path = MasterTableViewController.swift; sourceTree = "<group>"; };
		3D2DDA8A22A15BB4000AB90B /* DetailViewController.swift */ = {isa = PBXFileReference; lastKnownFileType = sourcecode.swift; path = DetailViewController.swift; sourceTree = "<group>"; };
		3D2DDA8B22A15BB4000AB90B /* DetailViewController.xib */ = {isa = PBXFileReference; lastKnownFileType = file.xib; path = DetailViewController.xib; sourceTree = "<group>"; };
		3D2DDA8E22A15E37000AB90B /* Word.swift */ = {isa = PBXFileReference; lastKnownFileType = sourcecode.swift; path = Word.swift; sourceTree = "<group>"; };
/* End PBXFileReference section */

/* Begin PBXFrameworksBuildPhase section */
		3D2DDA6022A15565000AB90B /* Frameworks */ = {
			isa = PBXFrameworksBuildPhase;
			buildActionMask = 2147483647;
			files = (
			);
			runOnlyForDeploymentPostprocessing = 0;
		};
		3D2DDA7422A15566000AB90B /* Frameworks */ = {
			isa = PBXFrameworksBuildPhase;
			buildActionMask = 2147483647;
			files = (
			);
			runOnlyForDeploymentPostprocessing = 0;
		};
/* End PBXFrameworksBuildPhase section */

/* Begin PBXGroup section */
		3D2DDA5A22A15565000AB90B = {
			isa = PBXGroup;
			children = (
				3D2DDA6522A15565000AB90B /* Dictionary */,
				3D2DDA7A22A15566000AB90B /* DictionaryUITests */,
				3D2DDA6422A15565000AB90B /* Products */,
			);
			sourceTree = "<group>";
		};
		3D2DDA6422A15565000AB90B /* Products */ = {
			isa = PBXGroup;
			children = (
				3D2DDA6322A15565000AB90B /* Dictionary.app */,
				3D2DDA7722A15566000AB90B /* DictionaryUITests.xctest */,
			);
			name = Products;
			sourceTree = "<group>";
		};
		3D2DDA6522A15565000AB90B /* Dictionary */ = {
			isa = PBXGroup;
			children = (
				3D2DDA6622A15565000AB90B /* AppDelegate.swift */,
				3D2DDA6A22A15565000AB90B /* Main.storyboard */,
				3D2DDA8E22A15E37000AB90B /* Word.swift */,
				3D2DDA8A22A15BB4000AB90B /* DetailViewController.swift */,
				3D2DDA8B22A15BB4000AB90B /* DetailViewController.xib */,
				3D2DDA8622A1597C000AB90B /* MasterTableViewController.swift */,
				3D2DDA6D22A15566000AB90B /* Assets.xcassets */,
				3D2DDA6F22A15566000AB90B /* LaunchScreen.storyboard */,
				3D2DDA7222A15566000AB90B /* Info.plist */,
			);
			path = Dictionary;
			sourceTree = "<group>";
		};
		3D2DDA7A22A15566000AB90B /* DictionaryUITests */ = {
			isa = PBXGroup;
			children = (
				3D2DDA7B22A15566000AB90B /* DictionaryUITests.swift */,
				3D2DDA7D22A15566000AB90B /* Info.plist */,
			);
			path = DictionaryUITests;
			sourceTree = "<group>";
		};
/* End PBXGroup section */

/* Begin PBXNativeTarget section */
		3D2DDA6222A15565000AB90B /* Dictionary */ = {
			isa = PBXNativeTarget;
			buildConfigurationList = 3D2DDA8022A15566000AB90B /* Build configuration list for PBXNativeTarget "Dictionary" */;
			buildPhases = (
				3D2DDA5F22A15565000AB90B /* Sources */,
				3D2DDA6022A15565000AB90B /* Frameworks */,
				3D2DDA6122A15565000AB90B /* Resources */,
			);
			buildRules = (
			);
			dependencies = (
			);
			name = Dictionary;
			productName = Dictionary;
			productReference = 3D2DDA6322A15565000AB90B /* Dictionary.app */;
			productType = "com.apple.product-type.application";
		};
		3D2DDA7622A15566000AB90B /* DictionaryUITests */ = {
			isa = PBXNativeTarget;
			buildConfigurationList = 3D2DDA8322A15566000AB90B /* Build configuration list for PBXNativeTarget "DictionaryUITests" */;
			buildPhases = (
				3D2DDA7322A15566000AB90B /* Sources */,
				3D2DDA7422A15566000AB90B /* Frameworks */,
				3D2DDA7522A15566000AB90B /* Resources */,
			);
			buildRules = (
			);
			dependencies = (
				3D2DDA7922A15566000AB90B /* PBXTargetDependency */,
			);
			name = DictionaryUITests;
			productName = DictionaryUITests;
			productReference = 3D2DDA7722A15566000AB90B /* DictionaryUITests.xctest */;
			productType = "com.apple.product-type.bundle.ui-testing";
		};
/* End PBXNativeTarget section */

/* Begin PBXProject section */
		3D2DDA5B22A15565000AB90B /* Project object */ = {
			isa = PBXProject;
			attributes = {
				LastSwiftUpdateCheck = 1020;
				LastUpgradeCheck = 1020;
				ORGANIZATIONNAME = "Benedetta Rutilo";
				TargetAttributes = {
					3D2DDA6222A15565000AB90B = {
						CreatedOnToolsVersion = 10.2.1;
					};
					3D2DDA7622A15566000AB90B = {
						CreatedOnToolsVersion = 10.2.1;
						TestTargetID = 3D2DDA6222A15565000AB90B;
					};
				};
			};
			buildConfigurationList = 3D2DDA5E22A15565000AB90B /* Build configuration list for PBXProject "Dictionary" */;
			compatibilityVersion = "Xcode 9.3";
			developmentRegion = en;
			hasScannedForEncodings = 0;
			knownRegions = (
				en,
				Base,
			);
			mainGroup = 3D2DDA5A22A15565000AB90B;
			productRefGroup = 3D2DDA6422A15565000AB90B /* Products */;
			projectDirPath = "";
			projectRoot = "";
			targets = (
				3D2DDA6222A15565000AB90B /* Dictionary */,
				3D2DDA7622A15566000AB90B /* DictionaryUITests */,
			);
		};
/* End PBXProject section */

/* Begin PBXResourcesBuildPhase section */
		3D2DDA6122A15565000AB90B /* Resources */ = {
			isa = PBXResourcesBuildPhase;
			buildActionMask = 2147483647;
			files = (
				3D2DDA7122A15566000AB90B /* LaunchScreen.storyboard in Resources */,
				3D2DDA6E22A15566000AB90B /* Assets.xcassets in Resources */,
				3D2DDA6C22A15565000AB90B /* Main.storyboard in Resources */,
				3D2DDA8D22A15BB4000AB90B /* DetailViewController.xib in Resources */,
			);
			runOnlyForDeploymentPostprocessing = 0;
		};
		3D2DDA7522A15566000AB90B /* Resources */ = {
			isa = PBXResourcesBuildPhase;
			buildActionMask = 2147483647;
			files = (
			);
			runOnlyForDeploymentPostprocessing = 0;
		};
/* End PBXResourcesBuildPhase section */

/* Begin PBXSourcesBuildPhase section */
		3D2DDA5F22A15565000AB90B /* Sources */ = {
			isa = PBXSourcesBuildPhase;
			buildActionMask = 2147483647;
			files = (
				3D2DDA8C22A15BB4000AB90B /* DetailViewController.swift in Sources */,
				3D2DDA8F22A15E37000AB90B /* Word.swift in Sources */,
				3D2DDA6722A15565000AB90B /* AppDelegate.swift in Sources */,
				3D2DDA8722A1597C000AB90B /* MasterTableViewController.swift in Sources */,
			);
			runOnlyForDeploymentPostprocessing = 0;
		};
		3D2DDA7322A15566000AB90B /* Sources */ = {
			isa = PBXSourcesBuildPhase;
			buildActionMask = 2147483647;
			files = (
				3D2DDA7C22A15566000AB90B /* DictionaryUITests.swift in Sources */,
			);
			runOnlyForDeploymentPostprocessing = 0;
		};
/* End PBXSourcesBuildPhase section */

/* Begin PBXTargetDependency section */
		3D2DDA7922A15566000AB90B /* PBXTargetDependency */ = {
			isa = PBXTargetDependency;
			target = 3D2DDA6222A15565000AB90B /* Dictionary */;
			targetProxy = 3D2DDA7822A15566000AB90B /* PBXContainerItemProxy */;
		};
/* End PBXTargetDependency section */

/* Begin PBXVariantGroup section */
		3D2DDA6A22A15565000AB90B /* Main.storyboard */ = {
			isa = PBXVariantGroup;
			children = (
				3D2DDA6B22A15565000AB90B /* Base */,
			);
			name = Main.storyboard;
			sourceTree = "<group>";
		};
		3D2DDA6F22A15566000AB90B /* LaunchScreen.storyboard */ = {
			isa = PBXVariantGroup;
			children = (
				3D2DDA7022A15566000AB90B /* Base */,
			);
			name = LaunchScreen.storyboard;
			sourceTree = "<group>";
		};
/* End PBXVariantGroup section */

/* Begin XCBuildConfiguration section */
		3D2DDA7E22A15566000AB90B /* Debug */ = {
			isa = XCBuildConfiguration;
			buildSettings = {
				ALWAYS_SEARCH_USER_PATHS = NO;
				CLANG_ANALYZER_NONNULL = YES;
				CLANG_ANALYZER_NUMBER_OBJECT_CONVERSION = YES_AGGRESSIVE;
				CLANG_CXX_LANGUAGE_STANDARD = "gnu++14";
				CLANG_CXX_LIBRARY = "libc++";
				CLANG_ENABLE_MODULES = YES;
				CLANG_ENABLE_OBJC_ARC = YES;
				CLANG_ENABLE_OBJC_WEAK = YES;
				CLANG_WARN_BLOCK_CAPTURE_AUTORELEASING = YES;
				CLANG_WARN_BOOL_CONVERSION = YES;
				CLANG_WARN_COMMA = YES;
				CLANG_WARN_CONSTANT_CONVERSION = YES;
				CLANG_WARN_DEPRECATED_OBJC_IMPLEMENTATIONS = YES;
				CLANG_WARN_DIRECT_OBJC_ISA_USAGE = YES_ERROR;
				CLANG_WARN_DOCUMENTATION_COMMENTS = YES;
				CLANG_WARN_EMPTY_BODY = YES;
				CLANG_WARN_ENUM_CONVERSION = YES;
				CLANG_WARN_INFINITE_RECURSION = YES;
				CLANG_WARN_INT_CONVERSION = YES;
				CLANG_WARN_NON_LITERAL_NULL_CONVERSION = YES;
				CLANG_WARN_OBJC_IMPLICIT_RETAIN_SELF = YES;
				CLANG_WARN_OBJC_LITERAL_CONVERSION = YES;
				CLANG_WARN_OBJC_ROOT_CLASS = YES_ERROR;
				CLANG_WARN_RANGE_LOOP_ANALYSIS = YES;
				CLANG_WARN_STRICT_PROTOTYPES = YES;
				CLANG_WARN_SUSPICIOUS_MOVE = YES;
				CLANG_WARN_UNGUARDED_AVAILABILITY = YES_AGGRESSIVE;
				CLANG_WARN_UNREACHABLE_CODE = YES;
				CLANG_WARN__DUPLICATE_METHOD_MATCH = YES;
				CODE_SIGN_IDENTITY = "iPhone Developer";
				COPY_PHASE_STRIP = NO;
				DEBUG_INFORMATION_FORMAT = dwarf;
				ENABLE_STRICT_OBJC_MSGSEND = YES;
				ENABLE_TESTABILITY = YES;
				GCC_C_LANGUAGE_STANDARD = gnu11;
				GCC_DYNAMIC_NO_PIC = NO;
				GCC_NO_COMMON_BLOCKS = YES;
				GCC_OPTIMIZATION_LEVEL = 0;
				GCC_PREPROCESSOR_DEFINITIONS = (
					"DEBUG=1",
					"$(inherited)",
				);
				GCC_WARN_64_TO_32_BIT_CONVERSION = YES;
				GCC_WARN_ABOUT_RETURN_TYPE = YES_ERROR;
				GCC_WARN_UNDECLARED_SELECTOR = YES;
				GCC_WARN_UNINITIALIZED_AUTOS = YES_AGGRESSIVE;
				GCC_WARN_UNUSED_FUNCTION = YES;
				GCC_WARN_UNUSED_VARIABLE = YES;
				IPHONEOS_DEPLOYMENT_TARGET = 12.2;
				MTL_ENABLE_DEBUG_INFO = INCLUDE_SOURCE;
				MTL_FAST_MATH = YES;
				ONLY_ACTIVE_ARCH = YES;
				SDKROOT = iphoneos;
				SWIFT_ACTIVE_COMPILATION_CONDITIONS = DEBUG;
				SWIFT_OPTIMIZATION_LEVEL = "-Onone";
			};
			name = Debug;
		};
		3D2DDA7F22A15566000AB90B /* Release */ = {
			isa = XCBuildConfiguration;
			buildSettings = {
				ALWAYS_SEARCH_USER_PATHS = NO;
				CLANG_ANALYZER_NONNULL = YES;
				CLANG_ANALYZER_NUMBER_OBJECT_CONVERSION = YES_AGGRESSIVE;
				CLANG_CXX_LANGUAGE_STANDARD = "gnu++14";
				CLANG_CXX_LIBRARY = "libc++";
				CLANG_ENABLE_MODULES = YES;
				CLANG_ENABLE_OBJC_ARC = YES;
				CLANG_ENABLE_OBJC_WEAK = YES;
				CLANG_WARN_BLOCK_CAPTURE_AUTORELEASING = YES;
				CLANG_WARN_BOOL_CONVERSION = YES;
				CLANG_WARN_COMMA = YES;
				CLANG_WARN_CONSTANT_CONVERSION = YES;
				CLANG_WARN_DEPRECATED_OBJC_IMPLEMENTATIONS = YES;
				CLANG_WARN_DIRECT_OBJC_ISA_USAGE = YES_ERROR;
				CLANG_WARN_DOCUMENTATION_COMMENTS = YES;
				CLANG_WARN_EMPTY_BODY = YES;
				CLANG_WARN_ENUM_CONVERSION = YES;
				CLANG_WARN_INFINITE_RECURSION = YES;
				CLANG_WARN_INT_CONVERSION = YES;
				CLANG_WARN_NON_LITERAL_NULL_CONVERSION = YES;
				CLANG_WARN_OBJC_IMPLICIT_RETAIN_SELF = YES;
				CLANG_WARN_OBJC_LITERAL_CONVERSION = YES;
				CLANG_WARN_OBJC_ROOT_CLASS = YES_ERROR;
				CLANG_WARN_RANGE_LOOP_ANALYSIS = YES;
				CLANG_WARN_STRICT_PROTOTYPES = YES;
				CLANG_WARN_SUSPICIOUS_MOVE = YES;
				CLANG_WARN_UNGUARDED_AVAILABILITY = YES_AGGRESSIVE;
				CLANG_WARN_UNREACHABLE_CODE = YES;
				CLANG_WARN__DUPLICATE_METHOD_MATCH = YES;
				CODE_SIGN_IDENTITY = "iPhone Developer";
				COPY_PHASE_STRIP = NO;
				DEBUG_INFORMATION_FORMAT = "dwarf-with-dsym";
				ENABLE_NS_ASSERTIONS = NO;
				ENABLE_STRICT_OBJC_MSGSEND = YES;
				GCC_C_LANGUAGE_STANDARD = gnu11;
				GCC_NO_COMMON_BLOCKS = YES;
				GCC_WARN_64_TO_32_BIT_CONVERSION = YES;
				GCC_WARN_ABOUT_RETURN_TYPE = YES_ERROR;
				GCC_WARN_UNDECLARED_SELECTOR = YES;
				GCC_WARN_UNINITIALIZED_AUTOS = YES_AGGRESSIVE;
				GCC_WARN_UNUSED_FUNCTION = YES;
				GCC_WARN_UNUSED_VARIABLE = YES;
				IPHONEOS_DEPLOYMENT_TARGET = 12.2;
				MTL_ENABLE_DEBUG_INFO = NO;
				MTL_FAST_MATH = YES;
				SDKROOT = iphoneos;
				SWIFT_COMPILATION_MODE = wholemodule;
				SWIFT_OPTIMIZATION_LEVEL = "-O";
				VALIDATE_PRODUCT = YES;
			};
			name = Release;
		};
		3D2DDA8122A15566000AB90B /* Debug */ = {
			isa = XCBuildConfiguration;
			buildSettings = {
				ASSETCATALOG_COMPILER_APPICON_NAME = AppIcon;
				CODE_SIGN_STYLE = Automatic;
				DEVELOPMENT_TEAM = C5N4MFT6BP;
				INFOPLIST_FILE = Dictionary/Info.plist;
				LD_RUNPATH_SEARCH_PATHS = (
					"$(inherited)",
					"@executable_path/Frameworks",
				);
				PRODUCT_BUNDLE_IDENTIFIER = sdfgb.Dictionary;
				PRODUCT_NAME = "$(TARGET_NAME)";
				SWIFT_VERSION = 5.0;
				TARGETED_DEVICE_FAMILY = "1,2";
			};
			name = Debug;
		};
		3D2DDA8222A15566000AB90B /* Release */ = {
			isa = XCBuildConfiguration;
			buildSettings = {
				ASSETCATALOG_COMPILER_APPICON_NAME = AppIcon;
				CODE_SIGN_STYLE = Automatic;
				DEVELOPMENT_TEAM = C5N4MFT6BP;
				INFOPLIST_FILE = Dictionary/Info.plist;
				LD_RUNPATH_SEARCH_PATHS = (
					"$(inherited)",
					"@executable_path/Frameworks",
				);
				PRODUCT_BUNDLE_IDENTIFIER = sdfgb.Dictionary;
				PRODUCT_NAME = "$(TARGET_NAME)";
				SWIFT_VERSION = 5.0;
				TARGETED_DEVICE_FAMILY = "1,2";
			};
			name = Release;
		};
		3D2DDA8422A15566000AB90B /* Debug */ = {
			isa = XCBuildConfiguration;
			buildSettings = {
				ALWAYS_EMBED_SWIFT_STANDARD_LIBRARIES = YES;
				CODE_SIGN_STYLE = Automatic;
				DEVELOPMENT_TEAM = C5N4MFT6BP;
				INFOPLIST_FILE = DictionaryUITests/Info.plist;
				LD_RUNPATH_SEARCH_PATHS = (
					"$(inherited)",
					"@executable_path/Frameworks",
					"@loader_path/Frameworks",
				);
				PRODUCT_BUNDLE_IDENTIFIER = sdfgb.DictionaryUITests;
				PRODUCT_NAME = "$(TARGET_NAME)";
				SWIFT_VERSION = 5.0;
				TARGETED_DEVICE_FAMILY = "1,2";
				TEST_TARGET_NAME = Dictionary;
			};
			name = Debug;
		};
		3D2DDA8522A15566000AB90B /* Release */ = {
			isa = XCBuildConfiguration;
			buildSettings = {
				ALWAYS_EMBED_SWIFT_STANDARD_LIBRARIES = YES;
				CODE_SIGN_STYLE = Automatic;
				DEVELOPMENT_TEAM = C5N4MFT6BP;
				INFOPLIST_FILE = DictionaryUITests/Info.plist;
				LD_RUNPATH_SEARCH_PATHS = (
					"$(inherited)",
					"@executable_path/Frameworks",
					"@loader_path/Frameworks",
				);
				PRODUCT_BUNDLE_IDENTIFIER = sdfgb.DictionaryUITests;
				PRODUCT_NAME = "$(TARGET_NAME)";
				SWIFT_VERSION = 5.0;
				TARGETED_DEVICE_FAMILY = "1,2";
				TEST_TARGET_NAME = Dictionary;
			};
			name = Release;
		};
/* End XCBuildConfiguration section */

/* Begin XCConfigurationList section */
		3D2DDA5E22A15565000AB90B /* Build configuration list for PBXProject "Dictionary" */ = {
			isa = XCConfigurationList;
			buildConfigurations = (
				3D2DDA7E22A15566000AB90B /* Debug */,
				3D2DDA7F22A15566000AB90B /* Release */,
			);
			defaultConfigurationIsVisible = 0;
			defaultConfigurationName = Release;
		};
		3D2DDA8022A15566000AB90B /* Build configuration list for PBXNativeTarget "Dictionary" */ = {
			isa = XCConfigurationList;
			buildConfigurations = (
				3D2DDA8122A15566000AB90B /* Debug */,
				3D2DDA8222A15566000AB90B /* Release */,
			);
			defaultConfigurationIsVisible = 0;
			defaultConfigurationName = Release;
		};
		3D2DDA8322A15566000AB90B /* Build configuration list for PBXNativeTarget "DictionaryUITests" */ = {
			isa = XCConfigurationList;
			buildConfigurations = (
				3D2DDA8422A15566000AB90B /* Debug */,
				3D2DDA8522A15566000AB90B /* Release */,
			);
			defaultConfigurationIsVisible = 0;
			defaultConfigurationName = Release;
		};
/* End XCConfigurationList section */
	};
	rootObject = 3D2DDA5B22A15565000AB90B /* Project object */;
}
